
Microsoft Visual Studio Solution File, Format Version 12.00
# Visual Studio Version 17
VisualStudioVersion = 17.14.36811.4 d17.14
MinimumVisualStudioVersion = 10.0.40219.1
Project("{E24C65DC-7377-472B-9ABA-BC803B73C61A}") = "FLM_SubconLabelSystem", ".", "{1A351CD7-6B4D-4119-8F13-8FAF661ED26F}"
	ProjectSection(WebsiteProperties) = preProject
		TargetFrameworkMoniker = ".NETFramework,Version%3Dv4.5"
		ProjectReferences = "{55ae13fa-8e18-493e-9bfb-5130a9bf3db5}|Library.Database.dll;{0A1F849F-46BC-4255-A499-7D1F76055D36}|Library.SQLServer.dll;{d4618a4b-aaee-415b-af2c-0874920e87c3}|Library.Control.Base.dll;{1322656d-2faa-4f49-a511-3696dfc1d29c}|Library.common.dll;{88f0907b-957b-4389-8cee-08eb846ef8ba}|Library.Oraclecls.dll;{8aa16f5a-5199-4552-9d10-44a74f06d853}|Library.Root.dll;{4e690125-74a9-489f-a748-0d47e83331c8}|WIP_Process.dll;"
		Debug.AspNetCompiler.VirtualPath = "/localhost_53036"
		Debug.AspNetCompiler.PhysicalPath = "..\FLM_SubconLabelSystem\"
		Debug.AspNetCompiler.TargetPath = "PrecompiledWeb\localhost_53036\"
		Debug.AspNetCompiler.Updateable = "true"
		Debug.AspNetCompiler.ForceOverwrite = "true"
		Debug.AspNetCompiler.FixedNames = "false"
		Debug.AspNetCompiler.Debug = "True"
		Release.AspNetCompiler.VirtualPath = "/localhost_53036"
		Release.AspNetCompiler.PhysicalPath = "..\FLM_SubconLabelSystem\"
		Release.AspNetCompiler.TargetPath = "PrecompiledWeb\localhost_53036\"
		Release.AspNetCompiler.Updateable = "true"
		Release.AspNetCompiler.ForceOverwrite = "true"
		Release.AspNetCompiler.FixedNames = "false"
		Release.AspNetCompiler.Debug = "False"
		VWDPort = "53036"
		SlnRelativePath = "..\FLM_SubconLabelSystem\"
	EndProjectSection
EndProject
Project("{F184B08F-C81C-45F6-A57F-5ABD9991F28F}") = "Library.Common", "Library\Library.Common\Library.Common.vbproj", "{1322656D-2FAA-4F49-A511-3696DFC1D29C}"
EndProject
Project("{F184B08F-C81C-45F6-A57F-5ABD9991F28F}") = "Library.Control.Base", "Library\Library.Control.Base\Library.Control.Base.vbproj", "{D4618A4B-AAEE-415B-AF2C-0874920E87C3}"
EndProject
Project("{F184B08F-C81C-45F6-A57F-5ABD9991F28F}") = "Library.Database", "Library\Library.Database\Library.Database.vbproj", "{55AE13FA-8E18-493E-9BFB-5130A9BF3DB5}"
EndProject
Project("{F184B08F-C81C-45F6-A57F-5ABD9991F28F}") = "Library.Root", "Library\Library.Root\Library.Root.vbproj", "{8AA16F5A-5199-4552-9D10-44A74F06D853}"
EndProject
Project("{F184B08F-C81C-45F6-A57F-5ABD9991F28F}") = "Library.SQLServer", "Library\Library.SQLServer\Library.SQLServer.vbproj", "{0A1F849F-46BC-4255-A499-7D1F76055D36}"
EndProject
Project("{F184B08F-C81C-45F6-A57F-5ABD9991F28F}") = "WIP_Process", "Library\WIP_Process\WIP_Process.vbproj", "{4E690125-74A9-489F-A748-0D47E83331C8}"
EndProject
Global
	GlobalSection(SolutionConfigurationPlatforms) = preSolution
		Debug|Any CPU = Debug|Any CPU
		Release|Any CPU = Release|Any CPU
	EndGlobalSection
	GlobalSection(ProjectConfigurationPlatforms) = postSolution
		{1A351CD7-6B4D-4119-8F13-8FAF661ED26F}.Debug|Any CPU.ActiveCfg = Debug|Any CPU
		{1A351CD7-6B4D-4119-8F13-8FAF661ED26F}.Debug|Any CPU.Build.0 = Debug|Any CPU
		{1A351CD7-6B4D-4119-8F13-8FAF661ED26F}.Release|Any CPU.ActiveCfg = Debug|Any CPU
		{1A351CD7-6B4D-4119-8F13-8FAF661ED26F}.Release|Any CPU.Build.0 = Debug|Any CPU
		{1322656D-2FAA-4F49-A511-3696DFC1D29C}.Debug|Any CPU.ActiveCfg = Debug|Any CPU
		{1322656D-2FAA-4F49-A511-3696DFC1D29C}.Debug|Any CPU.Build.0 = Debug|Any CPU
		{1322656D-2FAA-4F49-A511-3696DFC1D29C}.Release|Any CPU.ActiveCfg = Release|Any CPU
		{1322656D-2FAA-4F49-A511-3696DFC1D29C}.Release|Any CPU.Build.0 = Release|Any CPU
		{D4618A4B-AAEE-415B-AF2C-0874920E87C3}.Debug|Any CPU.ActiveCfg = Debug|Any CPU
		{D4618A4B-AAEE-415B-AF2C-0874920E87C3}.Debug|Any CPU.Build.0 = Debug|Any CPU
		{D4618A4B-AAEE-415B-AF2C-0874920E87C3}.Release|Any CPU.ActiveCfg = Release|Any CPU
		{D4618A4B-AAEE-415B-AF2C-0874920E87C3}.Release|Any CPU.Build.0 = Release|Any CPU
		{55AE13FA-8E18-493E-9BFB-5130A9BF3DB5}.Debug|Any CPU.ActiveCfg = Debug|Any CPU
		{55AE13FA-8E18-493E-9BFB-5130A9BF3DB5}.Debug|Any CPU.Build.0 = Debug|Any CPU
		{55AE13FA-8E18-493E-9BFB-5130A9BF3DB5}.Release|Any CPU.ActiveCfg = Release|Any CPU
		{55AE13FA-8E18-493E-9BFB-5130A9BF3DB5}.Release|Any CPU.Build.0 = Release|Any CPU
		{8AA16F5A-5199-4552-9D10-44A74F06D853}.Debug|Any CPU.ActiveCfg = Debug|Any CPU
		{8AA16F5A-5199-4552-9D10-44A74F06D853}.Debug|Any CPU.Build.0 = Debug|Any CPU
		{8AA16F5A-5199-4552-9D10-44A74F06D853}.Release|Any CPU.ActiveCfg = Release|Any CPU
		{8AA16F5A-5199-4552-9D10-44A74F06D853}.Release|Any CPU.Build.0 = Release|Any CPU
		{0A1F849F-46BC-4255-A499-7D1F76055D36}.Debug|Any CPU.ActiveCfg = Debug|Any CPU
		{0A1F849F-46BC-4255-A499-7D1F76055D36}.Debug|Any CPU.Build.0 = Debug|Any CPU
		{0A1F849F-46BC-4255-A499-7D1F76055D36}.Release|Any CPU.ActiveCfg = Release|Any CPU
		{0A1F849F-46BC-4255-A499-7D1F76055D36}.Release|Any CPU.Build.0 = Release|Any CPU
		{4E690125-74A9-489F-A748-0D47E83331C8}.Debug|Any CPU.ActiveCfg = Debug|Any CPU
		{4E690125-74A9-489F-A748-0D47E83331C8}.Debug|Any CPU.Build.0 = Debug|Any CPU
		{4E690125-74A9-489F-A748-0D47E83331C8}.Release|Any CPU.ActiveCfg = Release|Any CPU
		{4E690125-74A9-489F-A748-0D47E83331C8}.Release|Any CPU.Build.0 = Release|Any CPU
	EndGlobalSection
	GlobalSection(SolutionProperties) = preSolution
		HideSolutionNode = FALSE
	EndGlobalSection
	GlobalSection(ExtensibilityGlobals) = postSolution
		SolutionGuid = {9ADE52A9-1E40-4BF6-9625-9117B48B9F83}
	EndGlobalSection
EndGlobal
